
Microsoft Visual Studio Solution File, Format Version 12.00
# Visual Studio Version 16
VisualStudioVersion = 16.0.31624.102
MinimumVisualStudioVersion = 10.0.40219.1
Project("{FAE04EC0-301F-11D3-BF4B-00C04F79EFBC}") = "RptToXml", "RptToXml.csproj", "{754ED024-8D96-4EB9-8318-A05500D3AE67}"
EndProject
Project("{FAE04EC0-301F-11D3-BF4B-00C04F79EFBC}") = "AppForm", "..\AppForm\AppForm.csproj", "{F90356F6-9AE1-4841-8FE3-808419B9E40B}"
	ProjectSection(ProjectDependencies) = postProject
		{754ED024-8D96-4EB9-8318-A05500D3AE67} = {754ED024-8D96-4EB9-8318-A05500D3AE67}
	EndProjectSection
EndProject
Global
	GlobalSection(SolutionConfigurationPlatforms) = preSolution
		Debug|Any CPU = Debug|Any CPU
		Debug|x86 = Debug|x86
		Release|Any CPU = Release|Any CPU
		Release|x86 = Release|x86
	EndGlobalSection
	GlobalSection(ProjectConfigurationPlatforms) = postSolution
		{754ED024-8D96-4EB9-8318-A05500D3AE67}.Debug|Any CPU.ActiveCfg = Debug|x86
		{754ED024-8D96-4EB9-8318-A05500D3AE67}.Debug|x86.ActiveCfg = Debug|x86
		{754ED024-8D96-4EB9-8318-A05500D3AE67}.Debug|x86.Build.0 = Debug|x86
		{754ED024-8D96-4EB9-8318-A05500D3AE67}.Release|Any CPU.ActiveCfg = Release|x86
		{754ED024-8D96-4EB9-8318-A05500D3AE67}.Release|x86.ActiveCfg = Release|x86
		{754ED024-8D96-4EB9-8318-A05500D3AE67}.Release|x86.Build.0 = Release|x86
		{F90356F6-9AE1-4841-8FE3-808419B9E40B}.Debug|Any CPU.ActiveCfg = Debug|Any CPU
		{F90356F6-9AE1-4841-8FE3-808419B9E40B}.Debug|Any CPU.Build.0 = Debug|Any CPU
		{F90356F6-9AE1-4841-8FE3-808419B9E40B}.Debug|x86.ActiveCfg = Debug|Any CPU
		{F90356F6-9AE1-4841-8FE3-808419B9E40B}.Debug|x86.Build.0 = Debug|Any CPU
		{F90356F6-9AE1-4841-8FE3-808419B9E40B}.Release|Any CPU.ActiveCfg = Release|Any CPU
		{F90356F6-9AE1-4841-8FE3-808419B9E40B}.Release|Any CPU.Build.0 = Release|Any CPU
		{F90356F6-9AE1-4841-8FE3-808419B9E40B}.Release|x86.ActiveCfg = Release|Any CPU
		{F90356F6-9AE1-4841-8FE3-808419B9E40B}.Release|x86.Build.0 = Release|Any CPU
	EndGlobalSection
	GlobalSection(SolutionProperties) = preSolution
		HideSolutionNode = FALSE
	EndGlobalSection
	GlobalSection(ExtensibilityGlobals) = postSolution
		SolutionGuid = {EBA127AA-5600-4F45-9D61-621F6590F5E7}
	EndGlobalSection
EndGlobal
